// !$*UTF8*$!
{
	archiveVersion = 1;
	classes = {
	};
	objectVersion = 56;
	objects = {

/* Begin PBXBuildFile section */
		8721B3A22A2CD8E4006DC08A /* PickerNumberView.swift in Sources */ = {isa = PBXBuildFile; fileRef = 8721B3A12A2CD8E4006DC08A /* PickerNumberView.swift */; };
		8721B3A42A2CDBAE006DC08A /* CustomLevelView.swift in Sources */ = {isa = PBXBuildFile; fileRef = 8721B3A32A2CDBAE006DC08A /* CustomLevelView.swift */; };
		87423AFD2A2BA0D400BDB423 /* LevelModel.swift in Sources */ = {isa = PBXBuildFile; fileRef = 87423AFC2A2BA0D400BDB423 /* LevelModel.swift */; };
		8777E6222A27A84300996AAF /* LevelButtonNavigation.swift in Sources */ = {isa = PBXBuildFile; fileRef = 8777E6212A27A84300996AAF /* LevelButtonNavigation.swift */; };
		8777E6242A27A86E00996AAF /* CountdownView.swift in Sources */ = {isa = PBXBuildFile; fileRef = 8777E6232A27A86E00996AAF /* CountdownView.swift */; };
		8777E6282A27A89E00996AAF /* ViewModel.swift in Sources */ = {isa = PBXBuildFile; fileRef = 8777E6272A27A89E00996AAF /* ViewModel.swift */; };
		8781DEA72A22566700BA8142 /* Colores.swift in Sources */ = {isa = PBXBuildFile; fileRef = 8781DEA62A22566700BA8142 /* Colores.swift */; };
		8785F7F22A2496A7001069E9 /* CustomNavigationButton.swift in Sources */ = {isa = PBXBuildFile; fileRef = 8785F7F12A2496A7001069E9 /* CustomNavigationButton.swift */; };
		878A57392A29E66400EB5328 /* Temporizador.swift in Sources */ = {isa = PBXBuildFile; fileRef = 878A57382A29E66400EB5328 /* Temporizador.swift */; };
		879009F62A21E57400E70B8D /* meditarApp.swift in Sources */ = {isa = PBXBuildFile; fileRef = 879009F52A21E57400E70B8D /* meditarApp.swift */; };
		879009F82A21E57400E70B8D /* ContentView.swift in Sources */ = {isa = PBXBuildFile; fileRef = 879009F72A21E57400E70B8D /* ContentView.swift */; };
		879009FA2A21E57500E70B8D /* Assets.xcassets in Resources */ = {isa = PBXBuildFile; fileRef = 879009F92A21E57500E70B8D /* Assets.xcassets */; };
		879009FD2A21E57500E70B8D /* Preview Assets.xcassets in Resources */ = {isa = PBXBuildFile; fileRef = 879009FC2A21E57500E70B8D /* Preview Assets.xcassets */; };
		879C463D2A249E9300FFB344 /* LevelsView.swift in Sources */ = {isa = PBXBuildFile; fileRef = 879C463C2A249E9300FFB344 /* LevelsView.swift */; };
/* End PBXBuildFile section */

/* Begin PBXFileReference section */
		8721B3A12A2CD8E4006DC08A /* PickerNumberView.swift */ = {isa = PBXFileReference; lastKnownFileType = sourcecode.swift; path = PickerNumberView.swift; sourceTree = "<group>"; };
		8721B3A32A2CDBAE006DC08A /* CustomLevelView.swift */ = {isa = PBXFileReference; lastKnownFileType = sourcecode.swift; path = CustomLevelView.swift; sourceTree = "<group>"; };
		87423AFC2A2BA0D400BDB423 /* LevelModel.swift */ = {isa = PBXFileReference; fileEncoding = 4; lastKnownFileType = sourcecode.swift; path = LevelModel.swift; sourceTree = "<group>"; };
		8777E6212A27A84300996AAF /* LevelButtonNavigation.swift */ = {isa = PBXFileReference; lastKnownFileType = sourcecode.swift; path = LevelButtonNavigation.swift; sourceTree = "<group>"; };
		8777E6232A27A86E00996AAF /* CountdownView.swift */ = {isa = PBXFileReference; lastKnownFileType = sourcecode.swift; path = CountdownView.swift; sourceTree = "<group>"; };
		8777E6272A27A89E00996AAF /* ViewModel.swift */ = {isa = PBXFileReference; lastKnownFileType = sourcecode.swift; path = ViewModel.swift; sourceTree = "<group>"; };
		8781DEA62A22566700BA8142 /* Colores.swift */ = {isa = PBXFileReference; lastKnownFileType = sourcecode.swift; path = Colores.swift; sourceTree = "<group>"; };
		8785F7F12A2496A7001069E9 /* CustomNavigationButton.swift */ = {isa = PBXFileReference; lastKnownFileType = sourcecode.swift; path = CustomNavigationButton.swift; sourceTree = "<group>"; };
		878A57382A29E66400EB5328 /* Temporizador.swift */ = {isa = PBXFileReference; lastKnownFileType = sourcecode.swift; path = Temporizador.swift; sourceTree = "<group>"; };
		879009F22A21E57400E70B8D /* meditar.app */ = {isa = PBXFileReference; explicitFileType = wrapper.application; includeInIndex = 0; path = meditar.app; sourceTree = BUILT_PRODUCTS_DIR; };
		879009F52A21E57400E70B8D /* meditarApp.swift */ = {isa = PBXFileReference; lastKnownFileType = sourcecode.swift; path = meditarApp.swift; sourceTree = "<group>"; };
		879009F72A21E57400E70B8D /* ContentView.swift */ = {isa = PBXFileReference; lastKnownFileType = sourcecode.swift; path = ContentView.swift; sourceTree = "<group>"; };
		879009F92A21E57500E70B8D /* Assets.xcassets */ = {isa = PBXFileReference; lastKnownFileType = folder.assetcatalog; path = Assets.xcassets; sourceTree = "<group>"; };
		879009FC2A21E57500E70B8D /* Preview Assets.xcassets */ = {isa = PBXFileReference; lastKnownFileType = folder.assetcatalog; path = "Preview Assets.xcassets"; sourceTree = "<group>"; };
		879C463C2A249E9300FFB344 /* LevelsView.swift */ = {isa = PBXFileReference; lastKnownFileType = sourcecode.swift; path = LevelsView.swift; sourceTree = "<group>"; };
/* End PBXFileReference section */

/* Begin PBXFrameworksBuildPhase section */
		879009EF2A21E57400E70B8D /* Frameworks */ = {
			isa = PBXFrameworksBuildPhase;
			buildActionMask = 2147483647;
			files = (
			);
			runOnlyForDeploymentPostprocessing = 0;
		};
/* End PBXFrameworksBuildPhase section */

/* Begin PBXGroup section */
		87229D102A21F74E00BE334B /* Views */ = {
			isa = PBXGroup;
			children = (
				879C463C2A249E9300FFB344 /* LevelsView.swift */,
				8777E6232A27A86E00996AAF /* CountdownView.swift */,
				8777E6212A27A84300996AAF /* LevelButtonNavigation.swift */,
				8721B3A12A2CD8E4006DC08A /* PickerNumberView.swift */,
				8721B3A32A2CDBAE006DC08A /* CustomLevelView.swift */,
				874A37D72A22781900043EAE /* SEG */,
			);
			path = Views;
			sourceTree = "<group>";
		};
		87229D132A21F79100BE334B /* Model */ = {
			isa = PBXGroup;
			children = (
				87423AFC2A2BA0D400BDB423 /* LevelModel.swift */,
			);
			path = Model;
			sourceTree = "<group>";
		};
		87229D142A21F79600BE334B /* ViewModel */ = {
			isa = PBXGroup;
			children = (
				8777E6272A27A89E00996AAF /* ViewModel.swift */,
			);
			path = ViewModel;
			sourceTree = "<group>";
		};
		874A37D72A22781900043EAE /* SEG */ = {
			isa = PBXGroup;
			children = (
				878A57382A29E66400EB5328 /* Temporizador.swift */,
				879009F72A21E57400E70B8D /* ContentView.swift */,
				8785F7F12A2496A7001069E9 /* CustomNavigationButton.swift */,
			);
			path = SEG;
			sourceTree = "<group>";
		};
		8781DEA52A22565400BA8142 /* Utils */ = {
			isa = PBXGroup;
			children = (
				8781DEA62A22566700BA8142 /* Colores.swift */,
			);
			path = Utils;
			sourceTree = "<group>";
		};
		879009E92A21E57400E70B8D = {
			isa = PBXGroup;
			children = (
				879009F42A21E57400E70B8D /* meditar */,
				879009F32A21E57400E70B8D /* Products */,
			);
			sourceTree = "<group>";
		};
		879009F32A21E57400E70B8D /* Products */ = {
			isa = PBXGroup;
			children = (
				879009F22A21E57400E70B8D /* meditar.app */,
			);
			name = Products;
			sourceTree = "<group>";
		};
		879009F42A21E57400E70B8D /* meditar */ = {
			isa = PBXGroup;
			children = (
				879009F52A21E57400E70B8D /* meditarApp.swift */,
				8781DEA52A22565400BA8142 /* Utils */,
				87229D132A21F79100BE334B /* Model */,
				87229D142A21F79600BE334B /* ViewModel */,
				87229D102A21F74E00BE334B /* Views */,
				879009F92A21E57500E70B8D /* Assets.xcassets */,
				879009FB2A21E57500E70B8D /* Preview Content */,
			);
			path = meditar;
			sourceTree = "<group>";
		};
		879009FB2A21E57500E70B8D /* Preview Content */ = {
			isa = PBXGroup;
			children = (
				879009FC2A21E57500E70B8D /* Preview Assets.xcassets */,
			);
			path = "Preview Content";
			sourceTree = "<group>";
		};
/* End PBXGroup section */

/* Begin PBXNativeTarget section */
		879009F12A21E57400E70B8D /* meditar */ = {
			isa = PBXNativeTarget;
			buildConfigurationList = 87900A002A21E57500E70B8D /* Build configuration list for PBXNativeTarget "meditar" */;
			buildPhases = (
				879009EE2A21E57400E70B8D /* Sources */,
				879009EF2A21E57400E70B8D /* Frameworks */,
				879009F02A21E57400E70B8D /* Resources */,
			);
			buildRules = (
			);
			dependencies = (
			);
			name = meditar;
			productName = meditar;
			productReference = 879009F22A21E57400E70B8D /* meditar.app */;
			productType = "com.apple.product-type.application";
		};
/* End PBXNativeTarget section */

/* Begin PBXProject section */
		879009EA2A21E57400E70B8D /* Project object */ = {
			isa = PBXProject;
			attributes = {
				BuildIndependentTargetsInParallel = 1;
				LastSwiftUpdateCheck = 1430;
				LastUpgradeCheck = 1430;
				TargetAttributes = {
					879009F12A21E57400E70B8D = {
						CreatedOnToolsVersion = 14.3;
					};
				};
			};
			buildConfigurationList = 879009ED2A21E57400E70B8D /* Build configuration list for PBXProject "meditar" */;
			compatibilityVersion = "Xcode 14.0";
			developmentRegion = en;
			hasScannedForEncodings = 0;
			knownRegions = (
				en,
				Base,
			);
			mainGroup = 879009E92A21E57400E70B8D;
			productRefGroup = 879009F32A21E57400E70B8D /* Products */;
			projectDirPath = "";
			projectRoot = "";
			targets = (
				879009F12A21E57400E70B8D /* meditar */,
			);
		};
/* End PBXProject section */

/* Begin PBXResourcesBuildPhase section */
		879009F02A21E57400E70B8D /* Resources */ = {
			isa = PBXResourcesBuildPhase;
			buildActionMask = 2147483647;
			files = (
				879009FD2A21E57500E70B8D /* Preview Assets.xcassets in Resources */,
				879009FA2A21E57500E70B8D /* Assets.xcassets in Resources */,
			);
			runOnlyForDeploymentPostprocessing = 0;
		};
/* End PBXResourcesBuildPhase section */

/* Begin PBXSourcesBuildPhase section */
		879009EE2A21E57400E70B8D /* Sources */ = {
			isa = PBXSourcesBuildPhase;
			buildActionMask = 2147483647;
			files = (
				879C463D2A249E9300FFB344 /* LevelsView.swift in Sources */,
				8777E6242A27A86E00996AAF /* CountdownView.swift in Sources */,
				8721B3A42A2CDBAE006DC08A /* CustomLevelView.swift in Sources */,
				879009F82A21E57400E70B8D /* ContentView.swift in Sources */,
				8785F7F22A2496A7001069E9 /* CustomNavigationButton.swift in Sources */,
				879009F62A21E57400E70B8D /* meditarApp.swift in Sources */,
				8777E6282A27A89E00996AAF /* ViewModel.swift in Sources */,
				8721B3A22A2CD8E4006DC08A /* PickerNumberView.swift in Sources */,
				878A57392A29E66400EB5328 /* Temporizador.swift in Sources */,
				87423AFD2A2BA0D400BDB423 /* LevelModel.swift in Sources */,
				8777E6222A27A84300996AAF /* LevelButtonNavigation.swift in Sources */,
				8781DEA72A22566700BA8142 /* Colores.swift in Sources */,
			);
			runOnlyForDeploymentPostprocessing = 0;
		};
/* End PBXSourcesBuildPhase section */

/* Begin XCBuildConfiguration section */
		879009FE2A21E57500E70B8D /* Debug */ = {
			isa = XCBuildConfiguration;
			buildSettings = {
				ALWAYS_SEARCH_USER_PATHS = NO;
				CLANG_ANALYZER_NONNULL = YES;
				CLANG_ANALYZER_NUMBER_OBJECT_CONVERSION = YES_AGGRESSIVE;
				CLANG_CXX_LANGUAGE_STANDARD = "gnu++20";
				CLANG_ENABLE_MODULES = YES;
				CLANG_ENABLE_OBJC_ARC = YES;
				CLANG_ENABLE_OBJC_WEAK = YES;
				CLANG_WARN_BLOCK_CAPTURE_AUTORELEASING = YES;
				CLANG_WARN_BOOL_CONVERSION = YES;
				CLANG_WARN_COMMA = YES;
				CLANG_WARN_CONSTANT_CONVERSION = YES;
				CLANG_WARN_DEPRECATED_OBJC_IMPLEMENTATIONS = YES;
				CLANG_WARN_DIRECT_OBJC_ISA_USAGE = YES_ERROR;
				CLANG_WARN_DOCUMENTATION_COMMENTS = YES;
				CLANG_WARN_EMPTY_BODY = YES;
				CLANG_WARN_ENUM_CONVERSION = YES;
				CLANG_WARN_INFINITE_RECURSION = YES;
				CLANG_WARN_INT_CONVERSION = YES;
				CLANG_WARN_NON_LITERAL_NULL_CONVERSION = YES;
				CLANG_WARN_OBJC_IMPLICIT_RETAIN_SELF = YES;
				CLANG_WARN_OBJC_LITERAL_CONVERSION = YES;
				CLANG_WARN_OBJC_ROOT_CLASS = YES_ERROR;
				CLANG_WARN_QUOTED_INCLUDE_IN_FRAMEWORK_HEADER = YES;
				CLANG_WARN_RANGE_LOOP_ANALYSIS = YES;
				CLANG_WARN_STRICT_PROTOTYPES = YES;
				CLANG_WARN_SUSPICIOUS_MOVE = YES;
				CLANG_WARN_UNGUARDED_AVAILABILITY = YES_AGGRESSIVE;
				CLANG_WARN_UNREACHABLE_CODE = YES;
				CLANG_WARN__DUPLICATE_METHOD_MATCH = YES;
				COPY_PHASE_STRIP = NO;
				DEBUG_INFORMATION_FORMAT = dwarf;
				ENABLE_STRICT_OBJC_MSGSEND = YES;
				ENABLE_TESTABILITY = YES;
				GCC_C_LANGUAGE_STANDARD = gnu11;
				GCC_DYNAMIC_NO_PIC = NO;
				GCC_NO_COMMON_BLOCKS = YES;
				GCC_OPTIMIZATION_LEVEL = 0;
				GCC_PREPROCESSOR_DEFINITIONS = (
					"DEBUG=1",
					"$(inherited)",
				);
				GCC_WARN_64_TO_32_BIT_CONVERSION = YES;
				GCC_WARN_ABOUT_RETURN_TYPE = YES_ERROR;
				GCC_WARN_UNDECLARED_SELECTOR = YES;
				GCC_WARN_UNINITIALIZED_AUTOS = YES_AGGRESSIVE;
				GCC_WARN_UNUSED_FUNCTION = YES;
				GCC_WARN_UNUSED_VARIABLE = YES;
				IPHONEOS_DEPLOYMENT_TARGET = 16.4;
				MTL_ENABLE_DEBUG_INFO = INCLUDE_SOURCE;
				MTL_FAST_MATH = YES;
				ONLY_ACTIVE_ARCH = YES;
				SDKROOT = iphoneos;
				SWIFT_ACTIVE_COMPILATION_CONDITIONS = DEBUG;
				SWIFT_OPTIMIZATION_LEVEL = "-Onone";
			};
			name = Debug;
		};
		879009FF2A21E57500E70B8D /* Release */ = {
			isa = XCBuildConfiguration;
			buildSettings = {
				ALWAYS_SEARCH_USER_PATHS = NO;
				CLANG_ANALYZER_NONNULL = YES;
				CLANG_ANALYZER_NUMBER_OBJECT_CONVERSION = YES_AGGRESSIVE;
				CLANG_CXX_LANGUAGE_STANDARD = "gnu++20";
				CLANG_ENABLE_MODULES = YES;
				CLANG_ENABLE_OBJC_ARC = YES;
				CLANG_ENABLE_OBJC_WEAK = YES;
				CLANG_WARN_BLOCK_CAPTURE_AUTORELEASING = YES;
				CLANG_WARN_BOOL_CONVERSION = YES;
				CLANG_WARN_COMMA = YES;
				CLANG_WARN_CONSTANT_CONVERSION = YES;
				CLANG_WARN_DEPRECATED_OBJC_IMPLEMENTATIONS = YES;
				CLANG_WARN_DIRECT_OBJC_ISA_USAGE = YES_ERROR;
				CLANG_WARN_DOCUMENTATION_COMMENTS = YES;
				CLANG_WARN_EMPTY_BODY = YES;
				CLANG_WARN_ENUM_CONVERSION = YES;
				CLANG_WARN_INFINITE_RECURSION = YES;
				CLANG_WARN_INT_CONVERSION = YES;
				CLANG_WARN_NON_LITERAL_NULL_CONVERSION = YES;
				CLANG_WARN_OBJC_IMPLICIT_RETAIN_SELF = YES;
				CLANG_WARN_OBJC_LITERAL_CONVERSION = YES;
				CLANG_WARN_OBJC_ROOT_CLASS = YES_ERROR;
				CLANG_WARN_QUOTED_INCLUDE_IN_FRAMEWORK_HEADER = YES;
				CLANG_WARN_RANGE_LOOP_ANALYSIS = YES;
				CLANG_WARN_STRICT_PROTOTYPES = YES;
				CLANG_WARN_SUSPICIOUS_MOVE = YES;
				CLANG_WARN_UNGUARDED_AVAILABILITY = YES_AGGRESSIVE;
				CLANG_WARN_UNREACHABLE_CODE = YES;
				CLANG_WARN__DUPLICATE_METHOD_MATCH = YES;
				COPY_PHASE_STRIP = NO;
				DEBUG_INFORMATION_FORMAT = "dwarf-with-dsym";
				ENABLE_NS_ASSERTIONS = NO;
				ENABLE_STRICT_OBJC_MSGSEND = YES;
				GCC_C_LANGUAGE_STANDARD = gnu11;
				GCC_NO_COMMON_BLOCKS = YES;
				GCC_WARN_64_TO_32_BIT_CONVERSION = YES;
				GCC_WARN_ABOUT_RETURN_TYPE = YES_ERROR;
				GCC_WARN_UNDECLARED_SELECTOR = YES;
				GCC_WARN_UNINITIALIZED_AUTOS = YES_AGGRESSIVE;
				GCC_WARN_UNUSED_FUNCTION = YES;
				GCC_WARN_UNUSED_VARIABLE = YES;
				IPHONEOS_DEPLOYMENT_TARGET = 16.4;
				MTL_ENABLE_DEBUG_INFO = NO;
				MTL_FAST_MATH = YES;
				SDKROOT = iphoneos;
				SWIFT_COMPILATION_MODE = wholemodule;
				SWIFT_OPTIMIZATION_LEVEL = "-O";
				VALIDATE_PRODUCT = YES;
			};
			name = Release;
		};
		87900A012A21E57500E70B8D /* Debug */ = {
			isa = XCBuildConfiguration;
			buildSettings = {
				ASSETCATALOG_COMPILER_APPICON_NAME = AppIcon;
				ASSETCATALOG_COMPILER_GLOBAL_ACCENT_COLOR_NAME = AccentColor;
				CODE_SIGN_STYLE = Automatic;
				CURRENT_PROJECT_VERSION = 1;
				DEVELOPMENT_ASSET_PATHS = "\"meditar/Preview Content\"";
				DEVELOPMENT_TEAM = MGTA3MZZG3;
				ENABLE_PREVIEWS = YES;
				GENERATE_INFOPLIST_FILE = YES;
				INFOPLIST_KEY_UIApplicationSceneManifest_Generation = YES;
				INFOPLIST_KEY_UIApplicationSupportsIndirectInputEvents = YES;
				INFOPLIST_KEY_UILaunchScreen_Generation = YES;
				INFOPLIST_KEY_UISupportedInterfaceOrientations_iPad = "UIInterfaceOrientationPortrait UIInterfaceOrientationPortraitUpsideDown UIInterfaceOrientationLandscapeLeft UIInterfaceOrientationLandscapeRight";
				INFOPLIST_KEY_UISupportedInterfaceOrientations_iPhone = "UIInterfaceOrientationPortrait UIInterfaceOrientationLandscapeLeft UIInterfaceOrientationLandscapeRight";
				IPHONEOS_DEPLOYMENT_TARGET = 15.6;
				LD_RUNPATH_SEARCH_PATHS = (
					"$(inherited)",
					"@executable_path/Frameworks",
				);
				MARKETING_VERSION = 1.0;
				PRODUCT_BUNDLE_IDENTIFIER = com.arkra.meditar;
				PRODUCT_NAME = "$(TARGET_NAME)";
				SWIFT_EMIT_LOC_STRINGS = YES;
				SWIFT_VERSION = 5.0;
				TARGETED_DEVICE_FAMILY = "1,2";
			};
			name = Debug;
		};
		87900A022A21E57500E70B8D /* Release */ = {
			isa = XCBuildConfiguration;
			buildSettings = {
				ASSETCATALOG_COMPILER_APPICON_NAME = AppIcon;
				ASSETCATALOG_COMPILER_GLOBAL_ACCENT_COLOR_NAME = AccentColor;
				CODE_SIGN_STYLE = Automatic;
				CURRENT_PROJECT_VERSION = 1;
				DEVELOPMENT_ASSET_PATHS = "\"meditar/Preview Content\"";
				DEVELOPMENT_TEAM = MGTA3MZZG3;
				ENABLE_PREVIEWS = YES;
				GENERATE_INFOPLIST_FILE = YES;
				INFOPLIST_KEY_UIApplicationSceneManifest_Generation = YES;
				INFOPLIST_KEY_UIApplicationSupportsIndirectInputEvents = YES;
				INFOPLIST_KEY_UILaunchScreen_Generation = YES;
				INFOPLIST_KEY_UISupportedInterfaceOrientations_iPad = "UIInterfaceOrientationPortrait UIInterfaceOrientationPortraitUpsideDown UIInterfaceOrientationLandscapeLeft UIInterfaceOrientationLandscapeRight";
				INFOPLIST_KEY_UISupportedInterfaceOrientations_iPhone = "UIInterfaceOrientationPortrait UIInterfaceOrientationLandscapeLeft UIInterfaceOrientationLandscapeRight";
				IPHONEOS_DEPLOYMENT_TARGET = 15.6;
				LD_RUNPATH_SEARCH_PATHS = (
					"$(inherited)",
					"@executable_path/Frameworks",
				);
				MARKETING_VERSION = 1.0;
				PRODUCT_BUNDLE_IDENTIFIER = com.arkra.meditar;
				PRODUCT_NAME = "$(TARGET_NAME)";
				SWIFT_EMIT_LOC_STRINGS = YES;
				SWIFT_VERSION = 5.0;
				TARGETED_DEVICE_FAMILY = "1,2";
			};
			name = Release;
		};
/* End XCBuildConfiguration section */

/* Begin XCConfigurationList section */
		879009ED2A21E57400E70B8D /* Build configuration list for PBXProject "meditar" */ = {
			isa = XCConfigurationList;
			buildConfigurations = (
				879009FE2A21E57500E70B8D /* Debug */,
				879009FF2A21E57500E70B8D /* Release */,
			);
			defaultConfigurationIsVisible = 0;
			defaultConfigurationName = Release;
		};
		87900A002A21E57500E70B8D /* Build configuration list for PBXNativeTarget "meditar" */ = {
			isa = XCConfigurationList;
			buildConfigurations = (
				87900A012A21E57500E70B8D /* Debug */,
				87900A022A21E57500E70B8D /* Release */,
			);
			defaultConfigurationIsVisible = 0;
			defaultConfigurationName = Release;
		};
/* End XCConfigurationList section */
	};
	rootObject = 879009EA2A21E57400E70B8D /* Project object */;
}
